
Microsoft Visual Studio Solution File, Format Version 12.00
# Visual Studio Version 17
VisualStudioVersion = 17.9.34714.143
MinimumVisualStudioVersion = 10.0.40219.1
Project("{FAE04EC0-301F-11D3-BF4B-00C04F79EFBC}") = "Snail", "Snail\Snail.csproj", "{73231BA5-8225-49A4-B357-561BE25FE354}"
EndProject
Global
	GlobalSection(SolutionConfigurationPlatforms) = preSolution
		Debug|Any CPU = Debug|Any CPU
		Release|Any CPU = Release|Any CPU
	EndGlobalSection
	GlobalSection(ProjectConfigurationPlatforms) = postSolution
		{73231BA5-8225-49A4-B357-561BE25FE354}.Debug|Any CPU.ActiveCfg = Debug|Any CPU
		{73231BA5-8225-49A4-B357-561BE25FE354}.Debug|Any CPU.Build.0 = Debug|Any CPU
		{73231BA5-8225-49A4-B357-561BE25FE354}.Release|Any CPU.ActiveCfg = Release|Any CPU
		{73231BA5-8225-49A4-B357-561BE25FE354}.Release|Any CPU.Build.0 = Release|Any CPU
	EndGlobalSection
	GlobalSection(SolutionProperties) = preSolution
		HideSolutionNode = FALSE
	EndGlobalSection
	GlobalSection(ExtensibilityGlobals) = postSolution
		SolutionGuid = {7A9CF63E-1A31-4CB0-AF0E-FC40DA1A8AEE}
	EndGlobalSection
EndGlobal
